
Microsoft Visual Studio Solution File, Format Version 12.00
# Visual Studio Version 16
VisualStudioVersion = 16.0.29230.47
MinimumVisualStudioVersion = 10.0.40219.1
Project("{8BC9CEB8-8B4A-11D0-8D11-00A0C91BC942}") = "Mips", "Mips.vcxproj", "{56C5DB43-B246-4E3A-A646-331BF8053BFF}"
EndProject
Global
	GlobalSection(SolutionConfigurationPlatforms) = preSolution
		Debug|x64 = Debug|x64
		Debug|x86 = Debug|x86
		Release|x64 = Release|x64
		Release|x86 = Release|x86
	EndGlobalSection
	GlobalSection(ProjectConfigurationPlatforms) = postSolution
		{56C5DB43-B246-4E3A-A646-331BF8053BFF}.Debug|x64.ActiveCfg = Debug|x64
		{56C5DB43-B246-4E3A-A646-331BF8053BFF}.Debug|x64.Build.0 = Debug|x64
		{56C5DB43-B246-4E3A-A646-331BF8053BFF}.Debug|x86.ActiveCfg = Debug|Win32
		{56C5DB43-B246-4E3A-A646-331BF8053BFF}.Debug|x86.Build.0 = Debug|Win32
		{56C5DB43-B246-4E3A-A646-331BF8053BFF}.Release|x64.ActiveCfg = Release|x64
		{56C5DB43-B246-4E3A-A646-331BF8053BFF}.Release|x64.Build.0 = Release|x64
		{56C5DB43-B246-4E3A-A646-331BF8053BFF}.Release|x86.ActiveCfg = Release|Win32
		{56C5DB43-B246-4E3A-A646-331BF8053BFF}.Release|x86.Build.0 = Release|Win32
	EndGlobalSection
	GlobalSection(SolutionProperties) = preSolution
		HideSolutionNode = FALSE
	EndGlobalSection
	GlobalSection(ExtensibilityGlobals) = postSolution
		SolutionGuid = {91671B88-1B15-416B-8167-27E303BAE32E}
	EndGlobalSection
EndGlobal
